PODS:
  - Alamofire (5.10.2)
  - GoogleMaps (9.3.0):
    - GoogleMaps/Maps (= 9.3.0)
  - GoogleMaps/Maps (9.3.0)
  - MapboxGeocoder.swift (0.15.0)

DEPENDENCIES:
  - Alamofire (~> 5.10.2)
  - GoogleMaps (= 9.3.0)
  - MapboxGeocoder.swift (~> 0.15)

SPEC REPOS:
  trunk:
    - Alamofire
    - GoogleMaps
    - MapboxGeocoder.swift

SPEC CHECKSUMS:
  Alamofire: 7193b3b92c74a07f85569e1a6c4f4237291e7496
  GoogleMaps: b58e9627004f47043897eeae830c3ef023678f3b
  MapboxGeocoder.swift: 730782e5f4324b7283a0f6c740c180f3086158e2

PODFILE CHECKSUM: ad3a70850c576c0db1246fa099966aac10c13fa9

COCOAPODS: 1.16.2
